
Microsoft Visual Studio Solution File, Format Version 12.00
# Visual Studio 15
VisualStudioVersion = 15.0.26124.0
MinimumVisualStudioVersion = 15.0.26124.0
Project("{FAE04EC0-301F-11D3-BF4B-00C04F79EFBC}") = "Domain", "Domain\Domain.csproj", "{CE1A9A07-ABCE-4997-8475-945C2B1D9BD9}"
EndProject
Project("{FAE04EC0-301F-11D3-BF4B-00C04F79EFBC}") = "Persistence", "Persistence\Persistence.csproj", "{640B4C03-C462-4A1E-A263-F3A6AC50CB7B}"
EndProject
Project("{FAE04EC0-301F-11D3-BF4B-00C04F79EFBC}") = "API", "API\API.csproj", "{9560E0EB-4CAC-4F9F-96ED-1C889D6ED679}"
EndProject
Project("{FAE04EC0-301F-11D3-BF4B-00C04F79EFBC}") = "Application", "Application\Application.csproj", "{B4BE561F-ABE8-4D19-8FBD-55A40EB7E017}"
EndProject
Global
	GlobalSection(SolutionConfigurationPlatforms) = preSolution
		Debug|Any CPU = Debug|Any CPU
		Debug|x64 = Debug|x64
		Debug|x86 = Debug|x86
		Release|Any CPU = Release|Any CPU
		Release|x64 = Release|x64
		Release|x86 = Release|x86
	EndGlobalSection
	GlobalSection(SolutionProperties) = preSolution
		HideSolutionNode = FALSE
	EndGlobalSection
	GlobalSection(ProjectConfigurationPlatforms) = postSolution
		{CE1A9A07-ABCE-4997-8475-945C2B1D9BD9}.Debug|Any CPU.ActiveCfg = Debug|Any CPU
		{CE1A9A07-ABCE-4997-8475-945C2B1D9BD9}.Debug|Any CPU.Build.0 = Debug|Any CPU
		{CE1A9A07-ABCE-4997-8475-945C2B1D9BD9}.Debug|x64.ActiveCfg = Debug|Any CPU
		{CE1A9A07-ABCE-4997-8475-945C2B1D9BD9}.Debug|x64.Build.0 = Debug|Any CPU
		{CE1A9A07-ABCE-4997-8475-945C2B1D9BD9}.Debug|x86.ActiveCfg = Debug|Any CPU
		{CE1A9A07-ABCE-4997-8475-945C2B1D9BD9}.Debug|x86.Build.0 = Debug|Any CPU
		{CE1A9A07-ABCE-4997-8475-945C2B1D9BD9}.Release|Any CPU.ActiveCfg = Release|Any CPU
		{CE1A9A07-ABCE-4997-8475-945C2B1D9BD9}.Release|Any CPU.Build.0 = Release|Any CPU
		{CE1A9A07-ABCE-4997-8475-945C2B1D9BD9}.Release|x64.ActiveCfg = Release|Any CPU
		{CE1A9A07-ABCE-4997-8475-945C2B1D9BD9}.Release|x64.Build.0 = Release|Any CPU
		{CE1A9A07-ABCE-4997-8475-945C2B1D9BD9}.Release|x86.ActiveCfg = Release|Any CPU
		{CE1A9A07-ABCE-4997-8475-945C2B1D9BD9}.Release|x86.Build.0 = Release|Any CPU
		{640B4C03-C462-4A1E-A263-F3A6AC50CB7B}.Debug|Any CPU.ActiveCfg = Debug|Any CPU
		{640B4C03-C462-4A1E-A263-F3A6AC50CB7B}.Debug|Any CPU.Build.0 = Debug|Any CPU
		{640B4C03-C462-4A1E-A263-F3A6AC50CB7B}.Debug|x64.ActiveCfg = Debug|Any CPU
		{640B4C03-C462-4A1E-A263-F3A6AC50CB7B}.Debug|x64.Build.0 = Debug|Any CPU
		{640B4C03-C462-4A1E-A263-F3A6AC50CB7B}.Debug|x86.ActiveCfg = Debug|Any CPU
		{640B4C03-C462-4A1E-A263-F3A6AC50CB7B}.Debug|x86.Build.0 = Debug|Any CPU
		{640B4C03-C462-4A1E-A263-F3A6AC50CB7B}.Release|Any CPU.ActiveCfg = Release|Any CPU
		{640B4C03-C462-4A1E-A263-F3A6AC50CB7B}.Release|Any CPU.Build.0 = Release|Any CPU
		{640B4C03-C462-4A1E-A263-F3A6AC50CB7B}.Release|x64.ActiveCfg = Release|Any CPU
		{640B4C03-C462-4A1E-A263-F3A6AC50CB7B}.Release|x64.Build.0 = Release|Any CPU
		{640B4C03-C462-4A1E-A263-F3A6AC50CB7B}.Release|x86.ActiveCfg = Release|Any CPU
		{640B4C03-C462-4A1E-A263-F3A6AC50CB7B}.Release|x86.Build.0 = Release|Any CPU
		{9560E0EB-4CAC-4F9F-96ED-1C889D6ED679}.Debug|Any CPU.ActiveCfg = Debug|Any CPU
		{9560E0EB-4CAC-4F9F-96ED-1C889D6ED679}.Debug|Any CPU.Build.0 = Debug|Any CPU
		{9560E0EB-4CAC-4F9F-96ED-1C889D6ED679}.Debug|x64.ActiveCfg = Debug|Any CPU
		{9560E0EB-4CAC-4F9F-96ED-1C889D6ED679}.Debug|x64.Build.0 = Debug|Any CPU
		{9560E0EB-4CAC-4F9F-96ED-1C889D6ED679}.Debug|x86.ActiveCfg = Debug|Any CPU
		{9560E0EB-4CAC-4F9F-96ED-1C889D6ED679}.Debug|x86.Build.0 = Debug|Any CPU
		{9560E0EB-4CAC-4F9F-96ED-1C889D6ED679}.Release|Any CPU.ActiveCfg = Release|Any CPU
		{9560E0EB-4CAC-4F9F-96ED-1C889D6ED679}.Release|Any CPU.Build.0 = Release|Any CPU
		{9560E0EB-4CAC-4F9F-96ED-1C889D6ED679}.Release|x64.ActiveCfg = Release|Any CPU
		{9560E0EB-4CAC-4F9F-96ED-1C889D6ED679}.Release|x64.Build.0 = Release|Any CPU
		{9560E0EB-4CAC-4F9F-96ED-1C889D6ED679}.Release|x86.ActiveCfg = Release|Any CPU
		{9560E0EB-4CAC-4F9F-96ED-1C889D6ED679}.Release|x86.Build.0 = Release|Any CPU
		{B4BE561F-ABE8-4D19-8FBD-55A40EB7E017}.Debug|Any CPU.ActiveCfg = Debug|Any CPU
		{B4BE561F-ABE8-4D19-8FBD-55A40EB7E017}.Debug|Any CPU.Build.0 = Debug|Any CPU
		{B4BE561F-ABE8-4D19-8FBD-55A40EB7E017}.Debug|x64.ActiveCfg = Debug|Any CPU
		{B4BE561F-ABE8-4D19-8FBD-55A40EB7E017}.Debug|x64.Build.0 = Debug|Any CPU
		{B4BE561F-ABE8-4D19-8FBD-55A40EB7E017}.Debug|x86.ActiveCfg = Debug|Any CPU
		{B4BE561F-ABE8-4D19-8FBD-55A40EB7E017}.Debug|x86.Build.0 = Debug|Any CPU
		{B4BE561F-ABE8-4D19-8FBD-55A40EB7E017}.Release|Any CPU.ActiveCfg = Release|Any CPU
		{B4BE561F-ABE8-4D19-8FBD-55A40EB7E017}.Release|Any CPU.Build.0 = Release|Any CPU
		{B4BE561F-ABE8-4D19-8FBD-55A40EB7E017}.Release|x64.ActiveCfg = Release|Any CPU
		{B4BE561F-ABE8-4D19-8FBD-55A40EB7E017}.Release|x64.Build.0 = Release|Any CPU
		{B4BE561F-ABE8-4D19-8FBD-55A40EB7E017}.Release|x86.ActiveCfg = Release|Any CPU
		{B4BE561F-ABE8-4D19-8FBD-55A40EB7E017}.Release|x86.Build.0 = Release|Any CPU
	EndGlobalSection
EndGlobal
